
Microsoft Visual Studio Solution File, Format Version 12.00
# Visual Studio Version 17
VisualStudioVersion = 17.13.35828.75 d17.13
MinimumVisualStudioVersion = 10.0.40219.1
Project("{FAE04EC0-301F-11D3-BF4B-00C04F79EFBC}") = "OOPConsoleProject", "OOPConsoleProject\OOPConsoleProject.csproj", "{C86A6126-2205-4636-BE7B-3419165394BC}"
EndProject
Global
	GlobalSection(SolutionConfigurationPlatforms) = preSolution
		Debug|Any CPU = Debug|Any CPU
		Release|Any CPU = Release|Any CPU
	EndGlobalSection
	GlobalSection(ProjectConfigurationPlatforms) = postSolution
		{C86A6126-2205-4636-BE7B-3419165394BC}.Debug|Any CPU.ActiveCfg = Debug|Any CPU
		{C86A6126-2205-4636-BE7B-3419165394BC}.Debug|Any CPU.Build.0 = Debug|Any CPU
		{C86A6126-2205-4636-BE7B-3419165394BC}.Release|Any CPU.ActiveCfg = Release|Any CPU
		{C86A6126-2205-4636-BE7B-3419165394BC}.Release|Any CPU.Build.0 = Release|Any CPU
	EndGlobalSection
	GlobalSection(SolutionProperties) = preSolution
		HideSolutionNode = FALSE
	EndGlobalSection
	GlobalSection(ExtensibilityGlobals) = postSolution
		SolutionGuid = {7990D193-9BE2-4D35-B036-D7D7E5C04792}
	EndGlobalSection
EndGlobal
